// !$*UTF8*$!
{
	archiveVersion = 1;
	classes = {
	};
	objectVersion = 50;
	objects = {

/* Begin PBXBuildFile section */
		497CD8AE22F5368F00B695E5 /* AppDelegate.swift in Sources */ = {isa = PBXBuildFile; fileRef = 497CD8AD22F5368F00B695E5 /* AppDelegate.swift */; };
		497CD8B022F5368F00B695E5 /* ViewController.swift in Sources */ = {isa = PBXBuildFile; fileRef = 497CD8AF22F5368F00B695E5 /* ViewController.swift */; };
		497CD8B322F5368F00B695E5 /* Main.storyboard in Resources */ = {isa = PBXBuildFile; fileRef = 497CD8B122F5368F00B695E5 /* Main.storyboard */; };
		497CD8B522F5369000B695E5 /* Assets.xcassets in Resources */ = {isa = PBXBuildFile; fileRef = 497CD8B422F5369000B695E5 /* Assets.xcassets */; };
		497CD8B822F5369000B695E5 /* LaunchScreen.storyboard in Resources */ = {isa = PBXBuildFile; fileRef = 497CD8B622F5369000B695E5 /* LaunchScreen.storyboard */; };
		49AB5CFF22F5376800A84EDA /* Localizable.strings in Resources */ = {isa = PBXBuildFile; fileRef = 49AB5D0122F5376800A84EDA /* Localizable.strings */; };
		49AB5D0722F53C8500A84EDA /* LocalizedUtils.swift in Sources */ = {isa = PBXBuildFile; fileRef = 49AB5D0622F53C8500A84EDA /* LocalizedUtils.swift */; };
/* End PBXBuildFile section */

/* Begin PBXFileReference section */
		497CD8AA22F5368F00B695E5 /* Localizable.app */ = {isa = PBXFileReference; explicitFileType = wrapper.application; includeInIndex = 0; path = Localizable.app; sourceTree = BUILT_PRODUCTS_DIR; };
		497CD8AD22F5368F00B695E5 /* AppDelegate.swift */ = {isa = PBXFileReference; lastKnownFileType = sourcecode.swift; path = AppDelegate.swift; sourceTree = "<group>"; };
		497CD8AF22F5368F00B695E5 /* ViewController.swift */ = {isa = PBXFileReference; lastKnownFileType = sourcecode.swift; path = ViewController.swift; sourceTree = "<group>"; };
		497CD8B222F5368F00B695E5 /* Base */ = {isa = PBXFileReference; lastKnownFileType = file.storyboard; name = Base; path = Base.lproj/Main.storyboard; sourceTree = "<group>"; };
		497CD8B422F5369000B695E5 /* Assets.xcassets */ = {isa = PBXFileReference; lastKnownFileType = folder.assetcatalog; path = Assets.xcassets; sourceTree = "<group>"; };
		497CD8B722F5369000B695E5 /* Base */ = {isa = PBXFileReference; lastKnownFileType = file.storyboard; name = Base; path = Base.lproj/LaunchScreen.storyboard; sourceTree = "<group>"; };
		497CD8B922F5369000B695E5 /* Info.plist */ = {isa = PBXFileReference; lastKnownFileType = text.plist.xml; path = Info.plist; sourceTree = "<group>"; };
		49AB5D0022F5376800A84EDA /* en */ = {isa = PBXFileReference; lastKnownFileType = text.plist.strings; name = en; path = en.lproj/Localizable.strings; sourceTree = "<group>"; };
		49AB5D0222F5378100A84EDA /* zh-Hans */ = {isa = PBXFileReference; lastKnownFileType = text.plist.strings; name = "zh-Hans"; path = "zh-Hans.lproj/Main.strings"; sourceTree = "<group>"; };
		49AB5D0322F5378100A84EDA /* zh-Hans */ = {isa = PBXFileReference; lastKnownFileType = text.plist.strings; name = "zh-Hans"; path = "zh-Hans.lproj/LaunchScreen.strings"; sourceTree = "<group>"; };
		49AB5D0422F5378100A84EDA /* zh-Hans */ = {isa = PBXFileReference; lastKnownFileType = text.plist.strings; name = "zh-Hans"; path = "zh-Hans.lproj/Localizable.strings"; sourceTree = "<group>"; };
		49AB5D0622F53C8500A84EDA /* LocalizedUtils.swift */ = {isa = PBXFileReference; fileEncoding = 4; lastKnownFileType = sourcecode.swift; path = LocalizedUtils.swift; sourceTree = "<group>"; };
/* End PBXFileReference section */

/* Begin PBXFrameworksBuildPhase section */
		497CD8A722F5368F00B695E5 /* Frameworks */ = {
			isa = PBXFrameworksBuildPhase;
			buildActionMask = 2147483647;
			files = (
			);
			runOnlyForDeploymentPostprocessing = 0;
		};
/* End PBXFrameworksBuildPhase section */

/* Begin PBXGroup section */
		497CD8A122F5368F00B695E5 = {
			isa = PBXGroup;
			children = (
				497CD8AC22F5368F00B695E5 /* Localizable */,
				497CD8AB22F5368F00B695E5 /* Products */,
			);
			sourceTree = "<group>";
		};
		497CD8AB22F5368F00B695E5 /* Products */ = {
			isa = PBXGroup;
			children = (
				497CD8AA22F5368F00B695E5 /* Localizable.app */,
			);
			name = Products;
			sourceTree = "<group>";
		};
		497CD8AC22F5368F00B695E5 /* Localizable */ = {
			isa = PBXGroup;
			children = (
				49AB5D0622F53C8500A84EDA /* LocalizedUtils.swift */,
				497CD8AD22F5368F00B695E5 /* AppDelegate.swift */,
				497CD8AF22F5368F00B695E5 /* ViewController.swift */,
				49AB5D0122F5376800A84EDA /* Localizable.strings */,
				497CD8B122F5368F00B695E5 /* Main.storyboard */,
				497CD8B422F5369000B695E5 /* Assets.xcassets */,
				497CD8B622F5369000B695E5 /* LaunchScreen.storyboard */,
				497CD8B922F5369000B695E5 /* Info.plist */,
			);
			path = Localizable;
			sourceTree = "<group>";
		};
/* End PBXGroup section */

/* Begin PBXNativeTarget section */
		497CD8A922F5368F00B695E5 /* Localizable */ = {
			isa = PBXNativeTarget;
			buildConfigurationList = 497CD8BC22F5369000B695E5 /* Build configuration list for PBXNativeTarget "Localizable" */;
			buildPhases = (
				497CD8A622F5368F00B695E5 /* Sources */,
				497CD8A722F5368F00B695E5 /* Frameworks */,
				497CD8A822F5368F00B695E5 /* Resources */,
				49AB5D0522F53B7C00A84EDA /* ShellScript */,
			);
			buildRules = (
			);
			dependencies = (
			);
			name = Localizable;
			productName = Localizable;
			productReference = 497CD8AA22F5368F00B695E5 /* Localizable.app */;
			productType = "com.apple.product-type.application";
		};
/* End PBXNativeTarget section */

/* Begin PBXProject section */
		497CD8A222F5368F00B695E5 /* Project object */ = {
			isa = PBXProject;
			attributes = {
				LastSwiftUpdateCheck = 1020;
				LastUpgradeCheck = 1020;
				ORGANIZATIONNAME = zhixing;
				TargetAttributes = {
					497CD8A922F5368F00B695E5 = {
						CreatedOnToolsVersion = 10.2.1;
					};
				};
			};
			buildConfigurationList = 497CD8A522F5368F00B695E5 /* Build configuration list for PBXProject "Localizable" */;
			compatibilityVersion = "Xcode 9.3";
			developmentRegion = en;
			hasScannedForEncodings = 0;
			knownRegions = (
				en,
				Base,
				"zh-Hans",
			);
			mainGroup = 497CD8A122F5368F00B695E5;
			productRefGroup = 497CD8AB22F5368F00B695E5 /* Products */;
			projectDirPath = "";
			projectRoot = "";
			targets = (
				497CD8A922F5368F00B695E5 /* Localizable */,
			);
		};
/* End PBXProject section */

/* Begin PBXResourcesBuildPhase section */
		497CD8A822F5368F00B695E5 /* Resources */ = {
			isa = PBXResourcesBuildPhase;
			buildActionMask = 2147483647;
			files = (
				497CD8B822F5369000B695E5 /* LaunchScreen.storyboard in Resources */,
				49AB5CFF22F5376800A84EDA /* Localizable.strings in Resources */,
				497CD8B522F5369000B695E5 /* Assets.xcassets in Resources */,
				497CD8B322F5368F00B695E5 /* Main.storyboard in Resources */,
			);
			runOnlyForDeploymentPostprocessing = 0;
		};
/* End PBXResourcesBuildPhase section */

/* Begin PBXShellScriptBuildPhase section */
		49AB5D0522F53B7C00A84EDA /* ShellScript */ = {
			isa = PBXShellScriptBuildPhase;
			buildActionMask = 2147483647;
			files = (
			);
			inputFileListPaths = (
			);
			inputPaths = (
			);
			outputFileListPaths = (
			);
			outputPaths = (
			);
			runOnlyForDeploymentPostprocessing = 0;
			shellPath = /bin/sh;
			shellScript = "# -*- coding: utf-8 -*\n# Localizable.strings文件路径\nlocalizableFile=\"${SRCROOT}/${PROJECT_NAME}/en.lproj/Localizable.strings\"\n#  生成的swift文件路径\nlocalizedFile=\"${SRCROOT}/${PROJECT_NAME}/LocalizedUtils.swift\"\n# 把等号后面的值替换成等号前的值, 为代码添加注释\nawk '{print \"/// \"$3\"*\" \"\\n\" $1,$2,$1\";\"}' \"${localizableFile}\" > \"${localizableFile}.tmp\"\n# 将localizable.strings中的文本转为swift格式的常量，存入一个临时文件\nsed \"s/^\\\"/    static var /g\" \"${localizableFile}.tmp\" | sed \"s/\\\" = \\\"/: String { return \\\"/g\" | sed \"s/;$/.localized }/g\" > \"${localizedFile}.tmp\"\n# 先将localized作为计算属性输出到目标文件\necho \"import Foundation\\n\\nextension String {\\n    var localized: String { return NSLocalizedString(self, comment: self) }\" > \"${localizedFile}\"\n# 再将临时文件中的常量增量输出到目标文件\ncat \"${localizedFile}.tmp\" >> \"${localizedFile}\"\n# 最后添加输出一个\"}\"到目标文件，完成输出\necho \"\\n}\" >> \"${localizedFile}\"\n# 删除临时文件\nrm \"${localizableFile}.tmp\"\nrm \"${localizedFile}.tmp\"\n";
		};
/* End PBXShellScriptBuildPhase section */

/* Begin PBXSourcesBuildPhase section */
		497CD8A622F5368F00B695E5 /* Sources */ = {
			isa = PBXSourcesBuildPhase;
			buildActionMask = 2147483647;
			files = (
				497CD8B022F5368F00B695E5 /* ViewController.swift in Sources */,
				497CD8AE22F5368F00B695E5 /* AppDelegate.swift in Sources */,
				49AB5D0722F53C8500A84EDA /* LocalizedUtils.swift in Sources */,
			);
			runOnlyForDeploymentPostprocessing = 0;
		};
/* End PBXSourcesBuildPhase section */

/* Begin PBXVariantGroup section */
		497CD8B122F5368F00B695E5 /* Main.storyboard */ = {
			isa = PBXVariantGroup;
			children = (
				497CD8B222F5368F00B695E5 /* Base */,
				49AB5D0222F5378100A84EDA /* zh-Hans */,
			);
			name = Main.storyboard;
			sourceTree = "<group>";
		};
		497CD8B622F5369000B695E5 /* LaunchScreen.storyboard */ = {
			isa = PBXVariantGroup;
			children = (
				497CD8B722F5369000B695E5 /* Base */,
				49AB5D0322F5378100A84EDA /* zh-Hans */,
			);
			name = LaunchScreen.storyboard;
			sourceTree = "<group>";
		};
		49AB5D0122F5376800A84EDA /* Localizable.strings */ = {
			isa = PBXVariantGroup;
			children = (
				49AB5D0022F5376800A84EDA /* en */,
				49AB5D0422F5378100A84EDA /* zh-Hans */,
			);
			name = Localizable.strings;
			path = ../../../../../System/Volumes/Data/Users/zhixing/Desktop/Localizable/Localizable;
			sourceTree = "<group>";
		};
/* End PBXVariantGroup section */

/* Begin XCBuildConfiguration section */
		497CD8BA22F5369000B695E5 /* Debug */ = {
			isa = XCBuildConfiguration;
			buildSettings = {
				ALWAYS_SEARCH_USER_PATHS = NO;
				CLANG_ANALYZER_LOCALIZABILITY_NONLOCALIZED = YES;
				CLANG_ANALYZER_NONNULL = YES;
				CLANG_ANALYZER_NUMBER_OBJECT_CONVERSION = YES_AGGRESSIVE;
				CLANG_CXX_LANGUAGE_STANDARD = "gnu++14";
				CLANG_CXX_LIBRARY = "libc++";
				CLANG_ENABLE_MODULES = YES;
				CLANG_ENABLE_OBJC_ARC = YES;
				CLANG_ENABLE_OBJC_WEAK = YES;
				CLANG_WARN_BLOCK_CAPTURE_AUTORELEASING = YES;
				CLANG_WARN_BOOL_CONVERSION = YES;
				CLANG_WARN_COMMA = YES;
				CLANG_WARN_CONSTANT_CONVERSION = YES;
				CLANG_WARN_DEPRECATED_OBJC_IMPLEMENTATIONS = YES;
				CLANG_WARN_DIRECT_OBJC_ISA_USAGE = YES_ERROR;
				CLANG_WARN_DOCUMENTATION_COMMENTS = YES;
				CLANG_WARN_EMPTY_BODY = YES;
				CLANG_WARN_ENUM_CONVERSION = YES;
				CLANG_WARN_INFINITE_RECURSION = YES;
				CLANG_WARN_INT_CONVERSION = YES;
				CLANG_WARN_NON_LITERAL_NULL_CONVERSION = YES;
				CLANG_WARN_OBJC_IMPLICIT_RETAIN_SELF = YES;
				CLANG_WARN_OBJC_LITERAL_CONVERSION = YES;
				CLANG_WARN_OBJC_ROOT_CLASS = YES_ERROR;
				CLANG_WARN_RANGE_LOOP_ANALYSIS = YES;
				CLANG_WARN_STRICT_PROTOTYPES = YES;
				CLANG_WARN_SUSPICIOUS_MOVE = YES;
				CLANG_WARN_UNGUARDED_AVAILABILITY = YES_AGGRESSIVE;
				CLANG_WARN_UNREACHABLE_CODE = YES;
				CLANG_WARN__DUPLICATE_METHOD_MATCH = YES;
				CODE_SIGN_IDENTITY = "iPhone Developer";
				COPY_PHASE_STRIP = NO;
				DEBUG_INFORMATION_FORMAT = dwarf;
				ENABLE_STRICT_OBJC_MSGSEND = YES;
				ENABLE_TESTABILITY = YES;
				GCC_C_LANGUAGE_STANDARD = gnu11;
				GCC_DYNAMIC_NO_PIC = NO;
				GCC_NO_COMMON_BLOCKS = YES;
				GCC_OPTIMIZATION_LEVEL = 0;
				GCC_PREPROCESSOR_DEFINITIONS = (
					"DEBUG=1",
					"$(inherited)",
				);
				GCC_WARN_64_TO_32_BIT_CONVERSION = YES;
				GCC_WARN_ABOUT_RETURN_TYPE = YES_ERROR;
				GCC_WARN_UNDECLARED_SELECTOR = YES;
				GCC_WARN_UNINITIALIZED_AUTOS = YES_AGGRESSIVE;
				GCC_WARN_UNUSED_FUNCTION = YES;
				GCC_WARN_UNUSED_VARIABLE = YES;
				IPHONEOS_DEPLOYMENT_TARGET = 12.2;
				MTL_ENABLE_DEBUG_INFO = INCLUDE_SOURCE;
				MTL_FAST_MATH = YES;
				ONLY_ACTIVE_ARCH = YES;
				SDKROOT = iphoneos;
				SWIFT_ACTIVE_COMPILATION_CONDITIONS = DEBUG;
				SWIFT_OPTIMIZATION_LEVEL = "-Onone";
			};
			name = Debug;
		};
		497CD8BB22F5369000B695E5 /* Release */ = {
			isa = XCBuildConfiguration;
			buildSettings = {
				ALWAYS_SEARCH_USER_PATHS = NO;
				CLANG_ANALYZER_LOCALIZABILITY_NONLOCALIZED = YES;
				CLANG_ANALYZER_NONNULL = YES;
				CLANG_ANALYZER_NUMBER_OBJECT_CONVERSION = YES_AGGRESSIVE;
				CLANG_CXX_LANGUAGE_STANDARD = "gnu++14";
				CLANG_CXX_LIBRARY = "libc++";
				CLANG_ENABLE_MODULES = YES;
				CLANG_ENABLE_OBJC_ARC = YES;
				CLANG_ENABLE_OBJC_WEAK = YES;
				CLANG_WARN_BLOCK_CAPTURE_AUTORELEASING = YES;
				CLANG_WARN_BOOL_CONVERSION = YES;
				CLANG_WARN_COMMA = YES;
				CLANG_WARN_CONSTANT_CONVERSION = YES;
				CLANG_WARN_DEPRECATED_OBJC_IMPLEMENTATIONS = YES;
				CLANG_WARN_DIRECT_OBJC_ISA_USAGE = YES_ERROR;
				CLANG_WARN_DOCUMENTATION_COMMENTS = YES;
				CLANG_WARN_EMPTY_BODY = YES;
				CLANG_WARN_ENUM_CONVERSION = YES;
				CLANG_WARN_INFINITE_RECURSION = YES;
				CLANG_WARN_INT_CONVERSION = YES;
				CLANG_WARN_NON_LITERAL_NULL_CONVERSION = YES;
				CLANG_WARN_OBJC_IMPLICIT_RETAIN_SELF = YES;
				CLANG_WARN_OBJC_LITERAL_CONVERSION = YES;
				CLANG_WARN_OBJC_ROOT_CLASS = YES_ERROR;
				CLANG_WARN_RANGE_LOOP_ANALYSIS = YES;
				CLANG_WARN_STRICT_PROTOTYPES = YES;
				CLANG_WARN_SUSPICIOUS_MOVE = YES;
				CLANG_WARN_UNGUARDED_AVAILABILITY = YES_AGGRESSIVE;
				CLANG_WARN_UNREACHABLE_CODE = YES;
				CLANG_WARN__DUPLICATE_METHOD_MATCH = YES;
				CODE_SIGN_IDENTITY = "iPhone Developer";
				COPY_PHASE_STRIP = NO;
				DEBUG_INFORMATION_FORMAT = "dwarf-with-dsym";
				ENABLE_NS_ASSERTIONS = NO;
				ENABLE_STRICT_OBJC_MSGSEND = YES;
				GCC_C_LANGUAGE_STANDARD = gnu11;
				GCC_NO_COMMON_BLOCKS = YES;
				GCC_WARN_64_TO_32_BIT_CONVERSION = YES;
				GCC_WARN_ABOUT_RETURN_TYPE = YES_ERROR;
				GCC_WARN_UNDECLARED_SELECTOR = YES;
				GCC_WARN_UNINITIALIZED_AUTOS = YES_AGGRESSIVE;
				GCC_WARN_UNUSED_FUNCTION = YES;
				GCC_WARN_UNUSED_VARIABLE = YES;
				IPHONEOS_DEPLOYMENT_TARGET = 12.2;
				MTL_ENABLE_DEBUG_INFO = NO;
				MTL_FAST_MATH = YES;
				SDKROOT = iphoneos;
				SWIFT_COMPILATION_MODE = wholemodule;
				SWIFT_OPTIMIZATION_LEVEL = "-O";
				VALIDATE_PRODUCT = YES;
			};
			name = Release;
		};
		497CD8BD22F5369000B695E5 /* Debug */ = {
			isa = XCBuildConfiguration;
			buildSettings = {
				ASSETCATALOG_COMPILER_APPICON_NAME = AppIcon;
				CODE_SIGN_STYLE = Automatic;
				DEVELOPMENT_TEAM = N3QT2G5S72;
				INFOPLIST_FILE = Localizable/Info.plist;
				LD_RUNPATH_SEARCH_PATHS = (
					"$(inherited)",
					"@executable_path/Frameworks",
				);
				PRODUCT_BUNDLE_IDENTIFIER = com.meng.mit.Localizable;
				PRODUCT_NAME = "$(TARGET_NAME)";
				SWIFT_VERSION = 5.0;
				TARGETED_DEVICE_FAMILY = "1,2";
			};
			name = Debug;
		};
		497CD8BE22F5369000B695E5 /* Release */ = {
			isa = XCBuildConfiguration;
			buildSettings = {
				ASSETCATALOG_COMPILER_APPICON_NAME = AppIcon;
				CODE_SIGN_STYLE = Automatic;
				DEVELOPMENT_TEAM = N3QT2G5S72;
				INFOPLIST_FILE = Localizable/Info.plist;
				LD_RUNPATH_SEARCH_PATHS = (
					"$(inherited)",
					"@executable_path/Frameworks",
				);
				PRODUCT_BUNDLE_IDENTIFIER = com.meng.mit.Localizable;
				PRODUCT_NAME = "$(TARGET_NAME)";
				SWIFT_VERSION = 5.0;
				TARGETED_DEVICE_FAMILY = "1,2";
			};
			name = Release;
		};
/* End XCBuildConfiguration section */

/* Begin XCConfigurationList section */
		497CD8A522F5368F00B695E5 /* Build configuration list for PBXProject "Localizable" */ = {
			isa = XCConfigurationList;
			buildConfigurations = (
				497CD8BA22F5369000B695E5 /* Debug */,
				497CD8BB22F5369000B695E5 /* Release */,
			);
			defaultConfigurationIsVisible = 0;
			defaultConfigurationName = Release;
		};
		497CD8BC22F5369000B695E5 /* Build configuration list for PBXNativeTarget "Localizable" */ = {
			isa = XCConfigurationList;
			buildConfigurations = (
				497CD8BD22F5369000B695E5 /* Debug */,
				497CD8BE22F5369000B695E5 /* Release */,
			);
			defaultConfigurationIsVisible = 0;
			defaultConfigurationName = Release;
		};
/* End XCConfigurationList section */
	};
	rootObject = 497CD8A222F5368F00B695E5 /* Project object */;
}
